
Microsoft Visual Studio Solution File, Format Version 12.00
# Visual Studio Version 16
VisualStudioVersion = 16.0.29905.134
MinimumVisualStudioVersion = 10.0.40219.1
Project("{FAE04EC0-301F-11D3-BF4B-00C04F79EFBC}") = "loginPage.UWP", "loginPage\loginPage.UWP\loginPage.UWP.csproj", "{83D4FE14-15EE-48D7-B4D5-0F512D37092E}"
EndProject
Project("{FAE04EC0-301F-11D3-BF4B-00C04F79EFBC}") = "loginPage.Android", "loginPage\loginPage.Android\loginPage.Android.csproj", "{A822155B-2826-474D-B947-E3CC5F846ADD}"
EndProject
Project("{FAE04EC0-301F-11D3-BF4B-00C04F79EFBC}") = "loginPage.iOS", "loginPage\loginPage.iOS\loginPage.iOS.csproj", "{302B8BE2-F386-4544-989F-C6D1390C4381}"
EndProject
Project("{FAE04EC0-301F-11D3-BF4B-00C04F79EFBC}") = "loginPage", "loginPage\loginPage\loginPage.csproj", "{5023B027-88DF-413C-B004-EE8E5B84C8EA}"
EndProject
Global
	GlobalSection(SolutionConfigurationPlatforms) = preSolution
		Debug|Any CPU = Debug|Any CPU
		Debug|ARM = Debug|ARM
		Debug|iPhone = Debug|iPhone
		Debug|iPhoneSimulator = Debug|iPhoneSimulator
		Debug|x64 = Debug|x64
		Debug|x86 = Debug|x86
		Release|Any CPU = Release|Any CPU
		Release|ARM = Release|ARM
		Release|iPhone = Release|iPhone
		Release|iPhoneSimulator = Release|iPhoneSimulator
		Release|x64 = Release|x64
		Release|x86 = Release|x86
	EndGlobalSection
	GlobalSection(ProjectConfigurationPlatforms) = postSolution
		{83D4FE14-15EE-48D7-B4D5-0F512D37092E}.Debug|Any CPU.ActiveCfg = Debug|x86
		{83D4FE14-15EE-48D7-B4D5-0F512D37092E}.Debug|Any CPU.Build.0 = Debug|x86
		{83D4FE14-15EE-48D7-B4D5-0F512D37092E}.Debug|Any CPU.Deploy.0 = Debug|x86
		{83D4FE14-15EE-48D7-B4D5-0F512D37092E}.Debug|ARM.ActiveCfg = Debug|ARM
		{83D4FE14-15EE-48D7-B4D5-0F512D37092E}.Debug|ARM.Build.0 = Debug|ARM
		{83D4FE14-15EE-48D7-B4D5-0F512D37092E}.Debug|ARM.Deploy.0 = Debug|ARM
		{83D4FE14-15EE-48D7-B4D5-0F512D37092E}.Debug|iPhone.ActiveCfg = Debug|x86
		{83D4FE14-15EE-48D7-B4D5-0F512D37092E}.Debug|iPhone.Build.0 = Debug|x86
		{83D4FE14-15EE-48D7-B4D5-0F512D37092E}.Debug|iPhone.Deploy.0 = Debug|x86
		{83D4FE14-15EE-48D7-B4D5-0F512D37092E}.Debug|iPhoneSimulator.ActiveCfg = Debug|x86
		{83D4FE14-15EE-48D7-B4D5-0F512D37092E}.Debug|iPhoneSimulator.Build.0 = Debug|x86
		{83D4FE14-15EE-48D7-B4D5-0F512D37092E}.Debug|iPhoneSimulator.Deploy.0 = Debug|x86
		{83D4FE14-15EE-48D7-B4D5-0F512D37092E}.Debug|x64.ActiveCfg = Debug|x64
		{83D4FE14-15EE-48D7-B4D5-0F512D37092E}.Debug|x64.Build.0 = Debug|x64
		{83D4FE14-15EE-48D7-B4D5-0F512D37092E}.Debug|x64.Deploy.0 = Debug|x64
		{83D4FE14-15EE-48D7-B4D5-0F512D37092E}.Debug|x86.ActiveCfg = Debug|x86
		{83D4FE14-15EE-48D7-B4D5-0F512D37092E}.Debug|x86.Build.0 = Debug|x86
		{83D4FE14-15EE-48D7-B4D5-0F512D37092E}.Debug|x86.Deploy.0 = Debug|x86
		{83D4FE14-15EE-48D7-B4D5-0F512D37092E}.Release|Any CPU.ActiveCfg = Release|x86
		{83D4FE14-15EE-48D7-B4D5-0F512D37092E}.Release|Any CPU.Build.0 = Release|x86
		{83D4FE14-15EE-48D7-B4D5-0F512D37092E}.Release|Any CPU.Deploy.0 = Release|x86
		{83D4FE14-15EE-48D7-B4D5-0F512D37092E}.Release|ARM.ActiveCfg = Release|ARM
		{83D4FE14-15EE-48D7-B4D5-0F512D37092E}.Release|ARM.Build.0 = Release|ARM
		{83D4FE14-15EE-48D7-B4D5-0F512D37092E}.Release|ARM.Deploy.0 = Release|ARM
		{83D4FE14-15EE-48D7-B4D5-0F512D37092E}.Release|iPhone.ActiveCfg = Release|x86
		{83D4FE14-15EE-48D7-B4D5-0F512D37092E}.Release|iPhone.Build.0 = Release|x86
		{83D4FE14-15EE-48D7-B4D5-0F512D37092E}.Release|iPhone.Deploy.0 = Release|x86
		{83D4FE14-15EE-48D7-B4D5-0F512D37092E}.Release|iPhoneSimulator.ActiveCfg = Release|x86
		{83D4FE14-15EE-48D7-B4D5-0F512D37092E}.Release|iPhoneSimulator.Build.0 = Release|x86
		{83D4FE14-15EE-48D7-B4D5-0F512D37092E}.Release|iPhoneSimulator.Deploy.0 = Release|x86
		{83D4FE14-15EE-48D7-B4D5-0F512D37092E}.Release|x64.ActiveCfg = Release|x64
		{83D4FE14-15EE-48D7-B4D5-0F512D37092E}.Release|x64.Build.0 = Release|x64
		{83D4FE14-15EE-48D7-B4D5-0F512D37092E}.Release|x64.Deploy.0 = Release|x64
		{83D4FE14-15EE-48D7-B4D5-0F512D37092E}.Release|x86.ActiveCfg = Release|x86
		{83D4FE14-15EE-48D7-B4D5-0F512D37092E}.Release|x86.Build.0 = Release|x86
		{83D4FE14-15EE-48D7-B4D5-0F512D37092E}.Release|x86.Deploy.0 = Release|x86
		{A822155B-2826-474D-B947-E3CC5F846ADD}.Debug|Any CPU.ActiveCfg = Debug|Any CPU
		{A822155B-2826-474D-B947-E3CC5F846ADD}.Debug|Any CPU.Build.0 = Debug|Any CPU
		{A822155B-2826-474D-B947-E3CC5F846ADD}.Debug|Any CPU.Deploy.0 = Debug|Any CPU
		{A822155B-2826-474D-B947-E3CC5F846ADD}.Debug|ARM.ActiveCfg = Debug|Any CPU
		{A822155B-2826-474D-B947-E3CC5F846ADD}.Debug|ARM.Build.0 = Debug|Any CPU
		{A822155B-2826-474D-B947-E3CC5F846ADD}.Debug|ARM.Deploy.0 = Debug|Any CPU
		{A822155B-2826-474D-B947-E3CC5F846ADD}.Debug|iPhone.ActiveCfg = Debug|Any CPU
		{A822155B-2826-474D-B947-E3CC5F846ADD}.Debug|iPhone.Build.0 = Debug|Any CPU
		{A822155B-2826-474D-B947-E3CC5F846ADD}.Debug|iPhone.Deploy.0 = Debug|Any CPU
		{A822155B-2826-474D-B947-E3CC5F846ADD}.Debug|iPhoneSimulator.ActiveCfg = Debug|Any CPU
		{A822155B-2826-474D-B947-E3CC5F846ADD}.Debug|iPhoneSimulator.Build.0 = Debug|Any CPU
		{A822155B-2826-474D-B947-E3CC5F846ADD}.Debug|iPhoneSimulator.Deploy.0 = Debug|Any CPU
		{A822155B-2826-474D-B947-E3CC5F846ADD}.Debug|x64.ActiveCfg = Debug|Any CPU
		{A822155B-2826-474D-B947-E3CC5F846ADD}.Debug|x64.Build.0 = Debug|Any CPU
		{A822155B-2826-474D-B947-E3CC5F846ADD}.Debug|x64.Deploy.0 = Debug|Any CPU
		{A822155B-2826-474D-B947-E3CC5F846ADD}.Debug|x86.ActiveCfg = Debug|Any CPU
		{A822155B-2826-474D-B947-E3CC5F846ADD}.Debug|x86.Build.0 = Debug|Any CPU
		{A822155B-2826-474D-B947-E3CC5F846ADD}.Debug|x86.Deploy.0 = Debug|Any CPU
		{A822155B-2826-474D-B947-E3CC5F846ADD}.Release|Any CPU.ActiveCfg = Release|Any CPU
		{A822155B-2826-474D-B947-E3CC5F846ADD}.Release|Any CPU.Build.0 = Release|Any CPU
		{A822155B-2826-474D-B947-E3CC5F846ADD}.Release|Any CPU.Deploy.0 = Release|Any CPU
		{A822155B-2826-474D-B947-E3CC5F846ADD}.Release|ARM.ActiveCfg = Release|Any CPU
		{A822155B-2826-474D-B947-E3CC5F846ADD}.Release|ARM.Build.0 = Release|Any CPU
		{A822155B-2826-474D-B947-E3CC5F846ADD}.Release|ARM.Deploy.0 = Release|Any CPU
		{A822155B-2826-474D-B947-E3CC5F846ADD}.Release|iPhone.ActiveCfg = Release|Any CPU
		{A822155B-2826-474D-B947-E3CC5F846ADD}.Release|iPhone.Build.0 = Release|Any CPU
		{A822155B-2826-474D-B947-E3CC5F846ADD}.Release|iPhone.Deploy.0 = Release|Any CPU
		{A822155B-2826-474D-B947-E3CC5F846ADD}.Release|iPhoneSimulator.ActiveCfg = Release|Any CPU
		{A822155B-2826-474D-B947-E3CC5F846ADD}.Release|iPhoneSimulator.Build.0 = Release|Any CPU
		{A822155B-2826-474D-B947-E3CC5F846ADD}.Release|iPhoneSimulator.Deploy.0 = Release|Any CPU
		{A822155B-2826-474D-B947-E3CC5F846ADD}.Release|x64.ActiveCfg = Release|Any CPU
		{A822155B-2826-474D-B947-E3CC5F846ADD}.Release|x64.Build.0 = Release|Any CPU
		{A822155B-2826-474D-B947-E3CC5F846ADD}.Release|x64.Deploy.0 = Release|Any CPU
		{A822155B-2826-474D-B947-E3CC5F846ADD}.Release|x86.ActiveCfg = Release|Any CPU
		{A822155B-2826-474D-B947-E3CC5F846ADD}.Release|x86.Build.0 = Release|Any CPU
		{A822155B-2826-474D-B947-E3CC5F846ADD}.Release|x86.Deploy.0 = Release|Any CPU
		{302B8BE2-F386-4544-989F-C6D1390C4381}.Debug|Any CPU.ActiveCfg = Debug|iPhone
		{302B8BE2-F386-4544-989F-C6D1390C4381}.Debug|Any CPU.Build.0 = Debug|iPhone
		{302B8BE2-F386-4544-989F-C6D1390C4381}.Debug|Any CPU.Deploy.0 = Debug|iPhone
		{302B8BE2-F386-4544-989F-C6D1390C4381}.Debug|ARM.ActiveCfg = Debug|iPhoneSimulator
		{302B8BE2-F386-4544-989F-C6D1390C4381}.Debug|ARM.Build.0 = Debug|iPhoneSimulator
		{302B8BE2-F386-4544-989F-C6D1390C4381}.Debug|ARM.Deploy.0 = Debug|iPhoneSimulator
		{302B8BE2-F386-4544-989F-C6D1390C4381}.Debug|iPhone.ActiveCfg = Debug|iPhone
		{302B8BE2-F386-4544-989F-C6D1390C4381}.Debug|iPhone.Build.0 = Debug|iPhone
		{302B8BE2-F386-4544-989F-C6D1390C4381}.Debug|iPhone.Deploy.0 = Debug|iPhone
		{302B8BE2-F386-4544-989F-C6D1390C4381}.Debug|iPhoneSimulator.ActiveCfg = Debug|iPhoneSimulator
		{302B8BE2-F386-4544-989F-C6D1390C4381}.Debug|iPhoneSimulator.Build.0 = Debug|iPhoneSimulator
		{302B8BE2-F386-4544-989F-C6D1390C4381}.Debug|iPhoneSimulator.Deploy.0 = Debug|iPhoneSimulator
		{302B8BE2-F386-4544-989F-C6D1390C4381}.Debug|x64.ActiveCfg = Debug|iPhone
		{302B8BE2-F386-4544-989F-C6D1390C4381}.Debug|x64.Build.0 = Debug|iPhone
		{302B8BE2-F386-4544-989F-C6D1390C4381}.Debug|x64.Deploy.0 = Debug|iPhone
		{302B8BE2-F386-4544-989F-C6D1390C4381}.Debug|x86.ActiveCfg = Debug|iPhone
		{302B8BE2-F386-4544-989F-C6D1390C4381}.Debug|x86.Build.0 = Debug|iPhone
		{302B8BE2-F386-4544-989F-C6D1390C4381}.Debug|x86.Deploy.0 = Debug|iPhone
		{302B8BE2-F386-4544-989F-C6D1390C4381}.Release|Any CPU.ActiveCfg = Release|iPhone
		{302B8BE2-F386-4544-989F-C6D1390C4381}.Release|Any CPU.Build.0 = Release|iPhone
		{302B8BE2-F386-4544-989F-C6D1390C4381}.Release|Any CPU.Deploy.0 = Release|iPhone
		{302B8BE2-F386-4544-989F-C6D1390C4381}.Release|ARM.ActiveCfg = Release|iPhone
		{302B8BE2-F386-4544-989F-C6D1390C4381}.Release|ARM.Build.0 = Release|iPhone
		{302B8BE2-F386-4544-989F-C6D1390C4381}.Release|ARM.Deploy.0 = Release|iPhone
		{302B8BE2-F386-4544-989F-C6D1390C4381}.Release|iPhone.ActiveCfg = Release|iPhone
		{302B8BE2-F386-4544-989F-C6D1390C4381}.Release|iPhone.Build.0 = Release|iPhone
		{302B8BE2-F386-4544-989F-C6D1390C4381}.Release|iPhone.Deploy.0 = Release|iPhone
		{302B8BE2-F386-4544-989F-C6D1390C4381}.Release|iPhoneSimulator.ActiveCfg = Release|iPhoneSimulator
		{302B8BE2-F386-4544-989F-C6D1390C4381}.Release|iPhoneSimulator.Build.0 = Release|iPhoneSimulator
		{302B8BE2-F386-4544-989F-C6D1390C4381}.Release|iPhoneSimulator.Deploy.0 = Release|iPhoneSimulator
		{302B8BE2-F386-4544-989F-C6D1390C4381}.Release|x64.ActiveCfg = Release|iPhone
		{302B8BE2-F386-4544-989F-C6D1390C4381}.Release|x64.Build.0 = Release|iPhone
		{302B8BE2-F386-4544-989F-C6D1390C4381}.Release|x64.Deploy.0 = Release|iPhone
		{302B8BE2-F386-4544-989F-C6D1390C4381}.Release|x86.ActiveCfg = Release|iPhone
		{302B8BE2-F386-4544-989F-C6D1390C4381}.Release|x86.Build.0 = Release|iPhone
		{302B8BE2-F386-4544-989F-C6D1390C4381}.Release|x86.Deploy.0 = Release|iPhone
		{5023B027-88DF-413C-B004-EE8E5B84C8EA}.Debug|Any CPU.ActiveCfg = Debug|Any CPU
		{5023B027-88DF-413C-B004-EE8E5B84C8EA}.Debug|Any CPU.Build.0 = Debug|Any CPU
		{5023B027-88DF-413C-B004-EE8E5B84C8EA}.Debug|Any CPU.Deploy.0 = Debug|Any CPU
		{5023B027-88DF-413C-B004-EE8E5B84C8EA}.Debug|ARM.ActiveCfg = Debug|Any CPU
		{5023B027-88DF-413C-B004-EE8E5B84C8EA}.Debug|ARM.Build.0 = Debug|Any CPU
		{5023B027-88DF-413C-B004-EE8E5B84C8EA}.Debug|ARM.Deploy.0 = Debug|Any CPU
		{5023B027-88DF-413C-B004-EE8E5B84C8EA}.Debug|iPhone.ActiveCfg = Debug|Any CPU
		{5023B027-88DF-413C-B004-EE8E5B84C8EA}.Debug|iPhone.Build.0 = Debug|Any CPU
		{5023B027-88DF-413C-B004-EE8E5B84C8EA}.Debug|iPhone.Deploy.0 = Debug|Any CPU
		{5023B027-88DF-413C-B004-EE8E5B84C8EA}.Debug|iPhoneSimulator.ActiveCfg = Debug|Any CPU
		{5023B027-88DF-413C-B004-EE8E5B84C8EA}.Debug|iPhoneSimulator.Build.0 = Debug|Any CPU
		{5023B027-88DF-413C-B004-EE8E5B84C8EA}.Debug|iPhoneSimulator.Deploy.0 = Debug|Any CPU
		{5023B027-88DF-413C-B004-EE8E5B84C8EA}.Debug|x64.ActiveCfg = Debug|Any CPU
		{5023B027-88DF-413C-B004-EE8E5B84C8EA}.Debug|x64.Build.0 = Debug|Any CPU
		{5023B027-88DF-413C-B004-EE8E5B84C8EA}.Debug|x64.Deploy.0 = Debug|Any CPU
		{5023B027-88DF-413C-B004-EE8E5B84C8EA}.Debug|x86.ActiveCfg = Debug|Any CPU
		{5023B027-88DF-413C-B004-EE8E5B84C8EA}.Debug|x86.Build.0 = Debug|Any CPU
		{5023B027-88DF-413C-B004-EE8E5B84C8EA}.Debug|x86.Deploy.0 = Debug|Any CPU
		{5023B027-88DF-413C-B004-EE8E5B84C8EA}.Release|Any CPU.ActiveCfg = Release|Any CPU
		{5023B027-88DF-413C-B004-EE8E5B84C8EA}.Release|Any CPU.Build.0 = Release|Any CPU
		{5023B027-88DF-413C-B004-EE8E5B84C8EA}.Release|Any CPU.Deploy.0 = Release|Any CPU
		{5023B027-88DF-413C-B004-EE8E5B84C8EA}.Release|ARM.ActiveCfg = Release|Any CPU
		{5023B027-88DF-413C-B004-EE8E5B84C8EA}.Release|ARM.Build.0 = Release|Any CPU
		{5023B027-88DF-413C-B004-EE8E5B84C8EA}.Release|ARM.Deploy.0 = Release|Any CPU
		{5023B027-88DF-413C-B004-EE8E5B84C8EA}.Release|iPhone.ActiveCfg = Release|Any CPU
		{5023B027-88DF-413C-B004-EE8E5B84C8EA}.Release|iPhone.Build.0 = Release|Any CPU
		{5023B027-88DF-413C-B004-EE8E5B84C8EA}.Release|iPhone.Deploy.0 = Release|Any CPU
		{5023B027-88DF-413C-B004-EE8E5B84C8EA}.Release|iPhoneSimulator.ActiveCfg = Release|Any CPU
		{5023B027-88DF-413C-B004-EE8E5B84C8EA}.Release|iPhoneSimulator.Build.0 = Release|Any CPU
		{5023B027-88DF-413C-B004-EE8E5B84C8EA}.Release|iPhoneSimulator.Deploy.0 = Release|Any CPU
		{5023B027-88DF-413C-B004-EE8E5B84C8EA}.Release|x64.ActiveCfg = Release|Any CPU
		{5023B027-88DF-413C-B004-EE8E5B84C8EA}.Release|x64.Build.0 = Release|Any CPU
		{5023B027-88DF-413C-B004-EE8E5B84C8EA}.Release|x64.Deploy.0 = Release|Any CPU
		{5023B027-88DF-413C-B004-EE8E5B84C8EA}.Release|x86.ActiveCfg = Release|Any CPU
		{5023B027-88DF-413C-B004-EE8E5B84C8EA}.Release|x86.Build.0 = Release|Any CPU
		{5023B027-88DF-413C-B004-EE8E5B84C8EA}.Release|x86.Deploy.0 = Release|Any CPU
	EndGlobalSection
	GlobalSection(SolutionProperties) = preSolution
		HideSolutionNode = FALSE
	EndGlobalSection
	GlobalSection(ExtensibilityGlobals) = postSolution
		SolutionGuid = {DDC788CB-BB2A-4DE3-B07E-A3F2A90B7E74}
	EndGlobalSection
EndGlobal
